// !$*UTF8*$!
{
	archiveVersion = 1;
	classes = {
	};
	objectVersion = 50;
	objects = {

/* Begin PBXBuildFile section */
		0051C2C7235E1D3300B4BA76 /* Quote.swift in Sources */ = {isa = PBXBuildFile; fileRef = 0051C2C6235E1D3300B4BA76 /* Quote.swift */; };
		0051C2C9235E24B700B4BA76 /* quotes.json in Resources */ = {isa = PBXBuildFile; fileRef = 0051C2C8235E24B700B4BA76 /* quotes.json */; };
		0051C2CB235E250100B4BA76 /* Data.swift in Sources */ = {isa = PBXBuildFile; fileRef = 0051C2CA235E250100B4BA76 /* Data.swift */; };
		008E166E235DF67600087FC7 /* AppDelegate.swift in Sources */ = {isa = PBXBuildFile; fileRef = 008E166D235DF67600087FC7 /* AppDelegate.swift */; };
		008E1670235DF67600087FC7 /* SceneDelegate.swift in Sources */ = {isa = PBXBuildFile; fileRef = 008E166F235DF67600087FC7 /* SceneDelegate.swift */; };
		008E1672235DF67600087FC7 /* ContentView.swift in Sources */ = {isa = PBXBuildFile; fileRef = 008E1671235DF67600087FC7 /* ContentView.swift */; };
		008E1674235DF67B00087FC7 /* Assets.xcassets in Resources */ = {isa = PBXBuildFile; fileRef = 008E1673235DF67B00087FC7 /* Assets.xcassets */; };
		008E1677235DF67B00087FC7 /* Preview Assets.xcassets in Resources */ = {isa = PBXBuildFile; fileRef = 008E1676235DF67B00087FC7 /* Preview Assets.xcassets */; };
		008E167A235DF67B00087FC7 /* LaunchScreen.storyboard in Resources */ = {isa = PBXBuildFile; fileRef = 008E1678235DF67B00087FC7 /* LaunchScreen.storyboard */; };
		008E1685235DFB8D00087FC7 /* CircleImage.swift in Sources */ = {isa = PBXBuildFile; fileRef = 008E1684235DFB8D00087FC7 /* CircleImage.swift */; };
		008E1687235E045E00087FC7 /* MainView.swift in Sources */ = {isa = PBXBuildFile; fileRef = 008E1686235E045E00087FC7 /* MainView.swift */; };
/* End PBXBuildFile section */

/* Begin PBXFileReference section */
		0051C2C6235E1D3300B4BA76 /* Quote.swift */ = {isa = PBXFileReference; lastKnownFileType = sourcecode.swift; path = Quote.swift; sourceTree = "<group>"; };
		0051C2C8235E24B700B4BA76 /* quotes.json */ = {isa = PBXFileReference; fileEncoding = 4; lastKnownFileType = text.json; path = quotes.json; sourceTree = "<group>"; };
		0051C2CA235E250100B4BA76 /* Data.swift */ = {isa = PBXFileReference; lastKnownFileType = sourcecode.swift; path = Data.swift; sourceTree = "<group>"; };
		008E166A235DF67600087FC7 /* QuotesApp01.app */ = {isa = PBXFileReference; explicitFileType = wrapper.application; includeInIndex = 0; path = QuotesApp01.app; sourceTree = BUILT_PRODUCTS_DIR; };
		008E166D235DF67600087FC7 /* AppDelegate.swift */ = {isa = PBXFileReference; lastKnownFileType = sourcecode.swift; path = AppDelegate.swift; sourceTree = "<group>"; };
		008E166F235DF67600087FC7 /* SceneDelegate.swift */ = {isa = PBXFileReference; lastKnownFileType = sourcecode.swift; path = SceneDelegate.swift; sourceTree = "<group>"; };
		008E1671235DF67600087FC7 /* ContentView.swift */ = {isa = PBXFileReference; lastKnownFileType = sourcecode.swift; path = ContentView.swift; sourceTree = "<group>"; };
		008E1673235DF67B00087FC7 /* Assets.xcassets */ = {isa = PBXFileReference; lastKnownFileType = folder.assetcatalog; path = Assets.xcassets; sourceTree = "<group>"; };
		008E1676235DF67B00087FC7 /* Preview Assets.xcassets */ = {isa = PBXFileReference; lastKnownFileType = folder.assetcatalog; path = "Preview Assets.xcassets"; sourceTree = "<group>"; };
		008E1679235DF67B00087FC7 /* Base */ = {isa = PBXFileReference; lastKnownFileType = file.storyboard; name = Base; path = Base.lproj/LaunchScreen.storyboard; sourceTree = "<group>"; };
		008E167B235DF67B00087FC7 /* Info.plist */ = {isa = PBXFileReference; lastKnownFileType = text.plist.xml; path = Info.plist; sourceTree = "<group>"; };
		008E1684235DFB8D00087FC7 /* CircleImage.swift */ = {isa = PBXFileReference; lastKnownFileType = sourcecode.swift; path = CircleImage.swift; sourceTree = "<group>"; };
		008E1686235E045E00087FC7 /* MainView.swift */ = {isa = PBXFileReference; lastKnownFileType = sourcecode.swift; path = MainView.swift; sourceTree = "<group>"; };
/* End PBXFileReference section */

/* Begin PBXFrameworksBuildPhase section */
		008E1667235DF67600087FC7 /* Frameworks */ = {
			isa = PBXFrameworksBuildPhase;
			buildActionMask = 2147483647;
			files = (
			);
			runOnlyForDeploymentPostprocessing = 0;
		};
/* End PBXFrameworksBuildPhase section */

/* Begin PBXGroup section */
		0051C2C4235E1D0C00B4BA76 /* Data */ = {
			isa = PBXGroup;
			children = (
				0051C2C8235E24B700B4BA76 /* quotes.json */,
			);
			path = Data;
			sourceTree = "<group>";
		};
		0051C2C5235E1D1F00B4BA76 /* Model */ = {
			isa = PBXGroup;
			children = (
				0051C2C6235E1D3300B4BA76 /* Quote.swift */,
				0051C2CA235E250100B4BA76 /* Data.swift */,
			);
			path = Model;
			sourceTree = "<group>";
		};
		008E1661235DF67600087FC7 = {
			isa = PBXGroup;
			children = (
				008E166C235DF67600087FC7 /* QuotesApp01 */,
				008E166B235DF67600087FC7 /* Products */,
			);
			sourceTree = "<group>";
		};
		008E166B235DF67600087FC7 /* Products */ = {
			isa = PBXGroup;
			children = (
				008E166A235DF67600087FC7 /* QuotesApp01.app */,
			);
			name = Products;
			sourceTree = "<group>";
		};
		008E166C235DF67600087FC7 /* QuotesApp01 */ = {
			isa = PBXGroup;
			children = (
				0051C2C5235E1D1F00B4BA76 /* Model */,
				0051C2C4235E1D0C00B4BA76 /* Data */,
				008E1681235DFA1A00087FC7 /* Views */,
				008E166D235DF67600087FC7 /* AppDelegate.swift */,
				008E166F235DF67600087FC7 /* SceneDelegate.swift */,
				008E1671235DF67600087FC7 /* ContentView.swift */,
				008E1673235DF67B00087FC7 /* Assets.xcassets */,
				008E1678235DF67B00087FC7 /* LaunchScreen.storyboard */,
				008E167B235DF67B00087FC7 /* Info.plist */,
				008E1675235DF67B00087FC7 /* Preview Content */,
			);
			path = QuotesApp01;
			sourceTree = "<group>";
		};
		008E1675235DF67B00087FC7 /* Preview Content */ = {
			isa = PBXGroup;
			children = (
				008E1676235DF67B00087FC7 /* Preview Assets.xcassets */,
			);
			path = "Preview Content";
			sourceTree = "<group>";
		};
		008E1681235DFA1A00087FC7 /* Views */ = {
			isa = PBXGroup;
			children = (
				008E1684235DFB8D00087FC7 /* CircleImage.swift */,
				008E1686235E045E00087FC7 /* MainView.swift */,
			);
			path = Views;
			sourceTree = "<group>";
		};
/* End PBXGroup section */

/* Begin PBXNativeTarget section */
		008E1669235DF67600087FC7 /* QuotesApp01 */ = {
			isa = PBXNativeTarget;
			buildConfigurationList = 008E167E235DF67B00087FC7 /* Build configuration list for PBXNativeTarget "QuotesApp01" */;
			buildPhases = (
				008E1666235DF67600087FC7 /* Sources */,
				008E1667235DF67600087FC7 /* Frameworks */,
				008E1668235DF67600087FC7 /* Resources */,
			);
			buildRules = (
			);
			dependencies = (
			);
			name = QuotesApp01;
			productName = QuotesApp01;
			productReference = 008E166A235DF67600087FC7 /* QuotesApp01.app */;
			productType = "com.apple.product-type.application";
		};
/* End PBXNativeTarget section */

/* Begin PBXProject section */
		008E1662235DF67600087FC7 /* Project object */ = {
			isa = PBXProject;
			attributes = {
				LastSwiftUpdateCheck = 1110;
				LastUpgradeCheck = 1110;
				ORGANIZATIONNAME = "Todd Fleeman";
				TargetAttributes = {
					008E1669235DF67600087FC7 = {
						CreatedOnToolsVersion = 11.1;
					};
				};
			};
			buildConfigurationList = 008E1665235DF67600087FC7 /* Build configuration list for PBXProject "QuotesApp01" */;
			compatibilityVersion = "Xcode 9.3";
			developmentRegion = en;
			hasScannedForEncodings = 0;
			knownRegions = (
				en,
				Base,
			);
			mainGroup = 008E1661235DF67600087FC7;
			productRefGroup = 008E166B235DF67600087FC7 /* Products */;
			projectDirPath = "";
			projectRoot = "";
			targets = (
				008E1669235DF67600087FC7 /* QuotesApp01 */,
			);
		};
/* End PBXProject section */

/* Begin PBXResourcesBuildPhase section */
		008E1668235DF67600087FC7 /* Resources */ = {
			isa = PBXResourcesBuildPhase;
			buildActionMask = 2147483647;
			files = (
				0051C2C9235E24B700B4BA76 /* quotes.json in Resources */,
				008E167A235DF67B00087FC7 /* LaunchScreen.storyboard in Resources */,
				008E1677235DF67B00087FC7 /* Preview Assets.xcassets in Resources */,
				008E1674235DF67B00087FC7 /* Assets.xcassets in Resources */,
			);
			runOnlyForDeploymentPostprocessing = 0;
		};
/* End PBXResourcesBuildPhase section */

/* Begin PBXSourcesBuildPhase section */
		008E1666235DF67600087FC7 /* Sources */ = {
			isa = PBXSourcesBuildPhase;
			buildActionMask = 2147483647;
			files = (
				0051C2CB235E250100B4BA76 /* Data.swift in Sources */,
				008E166E235DF67600087FC7 /* AppDelegate.swift in Sources */,
				008E1685235DFB8D00087FC7 /* CircleImage.swift in Sources */,
				008E1670235DF67600087FC7 /* SceneDelegate.swift in Sources */,
				008E1687235E045E00087FC7 /* MainView.swift in Sources */,
				0051C2C7235E1D3300B4BA76 /* Quote.swift in Sources */,
				008E1672235DF67600087FC7 /* ContentView.swift in Sources */,
			);
			runOnlyForDeploymentPostprocessing = 0;
		};
/* End PBXSourcesBuildPhase section */

/* Begin PBXVariantGroup section */
		008E1678235DF67B00087FC7 /* LaunchScreen.storyboard */ = {
			isa = PBXVariantGroup;
			children = (
				008E1679235DF67B00087FC7 /* Base */,
			);
			name = LaunchScreen.storyboard;
			sourceTree = "<group>";
		};
/* End PBXVariantGroup section */

/* Begin XCBuildConfiguration section */
		008E167C235DF67B00087FC7 /* Debug */ = {
			isa = XCBuildConfiguration;
			buildSettings = {
				ALWAYS_SEARCH_USER_PATHS = NO;
				CLANG_ANALYZER_NONNULL = YES;
				CLANG_ANALYZER_NUMBER_OBJECT_CONVERSION = YES_AGGRESSIVE;
				CLANG_CXX_LANGUAGE_STANDARD = "gnu++14";
				CLANG_CXX_LIBRARY = "libc++";
				CLANG_ENABLE_MODULES = YES;
				CLANG_ENABLE_OBJC_ARC = YES;
				CLANG_ENABLE_OBJC_WEAK = YES;
				CLANG_WARN_BLOCK_CAPTURE_AUTORELEASING = YES;
				CLANG_WARN_BOOL_CONVERSION = YES;
				CLANG_WARN_COMMA = YES;
				CLANG_WARN_CONSTANT_CONVERSION = YES;
				CLANG_WARN_DEPRECATED_OBJC_IMPLEMENTATIONS = YES;
				CLANG_WARN_DIRECT_OBJC_ISA_USAGE = YES_ERROR;
				CLANG_WARN_DOCUMENTATION_COMMENTS = YES;
				CLANG_WARN_EMPTY_BODY = YES;
				CLANG_WARN_ENUM_CONVERSION = YES;
				CLANG_WARN_INFINITE_RECURSION = YES;
				CLANG_WARN_INT_CONVERSION = YES;
				CLANG_WARN_NON_LITERAL_NULL_CONVERSION = YES;
				CLANG_WARN_OBJC_IMPLICIT_RETAIN_SELF = YES;
				CLANG_WARN_OBJC_LITERAL_CONVERSION = YES;
				CLANG_WARN_OBJC_ROOT_CLASS = YES_ERROR;
				CLANG_WARN_RANGE_LOOP_ANALYSIS = YES;
				CLANG_WARN_STRICT_PROTOTYPES = YES;
				CLANG_WARN_SUSPICIOUS_MOVE = YES;
				CLANG_WARN_UNGUARDED_AVAILABILITY = YES_AGGRESSIVE;
				CLANG_WARN_UNREACHABLE_CODE = YES;
				CLANG_WARN__DUPLICATE_METHOD_MATCH = YES;
				COPY_PHASE_STRIP = NO;
				DEBUG_INFORMATION_FORMAT = dwarf;
				ENABLE_STRICT_OBJC_MSGSEND = YES;
				ENABLE_TESTABILITY = YES;
				GCC_C_LANGUAGE_STANDARD = gnu11;
				GCC_DYNAMIC_NO_PIC = NO;
				GCC_NO_COMMON_BLOCKS = YES;
				GCC_OPTIMIZATION_LEVEL = 0;
				GCC_PREPROCESSOR_DEFINITIONS = (
					"DEBUG=1",
					"$(inherited)",
				);
				GCC_WARN_64_TO_32_BIT_CONVERSION = YES;
				GCC_WARN_ABOUT_RETURN_TYPE = YES_ERROR;
				GCC_WARN_UNDECLARED_SELECTOR = YES;
				GCC_WARN_UNINITIALIZED_AUTOS = YES_AGGRESSIVE;
				GCC_WARN_UNUSED_FUNCTION = YES;
				GCC_WARN_UNUSED_VARIABLE = YES;
				IPHONEOS_DEPLOYMENT_TARGET = 13.1;
				MTL_ENABLE_DEBUG_INFO = INCLUDE_SOURCE;
				MTL_FAST_MATH = YES;
				ONLY_ACTIVE_ARCH = YES;
				SDKROOT = iphoneos;
				SWIFT_ACTIVE_COMPILATION_CONDITIONS = DEBUG;
				SWIFT_OPTIMIZATION_LEVEL = "-Onone";
			};
			name = Debug;
		};
		008E167D235DF67B00087FC7 /* Release */ = {
			isa = XCBuildConfiguration;
			buildSettings = {
				ALWAYS_SEARCH_USER_PATHS = NO;
				CLANG_ANALYZER_NONNULL = YES;
				CLANG_ANALYZER_NUMBER_OBJECT_CONVERSION = YES_AGGRESSIVE;
				CLANG_CXX_LANGUAGE_STANDARD = "gnu++14";
				CLANG_CXX_LIBRARY = "libc++";
				CLANG_ENABLE_MODULES = YES;
				CLANG_ENABLE_OBJC_ARC = YES;
				CLANG_ENABLE_OBJC_WEAK = YES;
				CLANG_WARN_BLOCK_CAPTURE_AUTORELEASING = YES;
				CLANG_WARN_BOOL_CONVERSION = YES;
				CLANG_WARN_COMMA = YES;
				CLANG_WARN_CONSTANT_CONVERSION = YES;
				CLANG_WARN_DEPRECATED_OBJC_IMPLEMENTATIONS = YES;
				CLANG_WARN_DIRECT_OBJC_ISA_USAGE = YES_ERROR;
				CLANG_WARN_DOCUMENTATION_COMMENTS = YES;
				CLANG_WARN_EMPTY_BODY = YES;
				CLANG_WARN_ENUM_CONVERSION = YES;
				CLANG_WARN_INFINITE_RECURSION = YES;
				CLANG_WARN_INT_CONVERSION = YES;
				CLANG_WARN_NON_LITERAL_NULL_CONVERSION = YES;
				CLANG_WARN_OBJC_IMPLICIT_RETAIN_SELF = YES;
				CLANG_WARN_OBJC_LITERAL_CONVERSION = YES;
				CLANG_WARN_OBJC_ROOT_CLASS = YES_ERROR;
				CLANG_WARN_RANGE_LOOP_ANALYSIS = YES;
				CLANG_WARN_STRICT_PROTOTYPES = YES;
				CLANG_WARN_SUSPICIOUS_MOVE = YES;
				CLANG_WARN_UNGUARDED_AVAILABILITY = YES_AGGRESSIVE;
				CLANG_WARN_UNREACHABLE_CODE = YES;
				CLANG_WARN__DUPLICATE_METHOD_MATCH = YES;
				COPY_PHASE_STRIP = NO;
				DEBUG_INFORMATION_FORMAT = "dwarf-with-dsym";
				ENABLE_NS_ASSERTIONS = NO;
				ENABLE_STRICT_OBJC_MSGSEND = YES;
				GCC_C_LANGUAGE_STANDARD = gnu11;
				GCC_NO_COMMON_BLOCKS = YES;
				GCC_WARN_64_TO_32_BIT_CONVERSION = YES;
				GCC_WARN_ABOUT_RETURN_TYPE = YES_ERROR;
				GCC_WARN_UNDECLARED_SELECTOR = YES;
				GCC_WARN_UNINITIALIZED_AUTOS = YES_AGGRESSIVE;
				GCC_WARN_UNUSED_FUNCTION = YES;
				GCC_WARN_UNUSED_VARIABLE = YES;
				IPHONEOS_DEPLOYMENT_TARGET = 13.1;
				MTL_ENABLE_DEBUG_INFO = NO;
				MTL_FAST_MATH = YES;
				SDKROOT = iphoneos;
				SWIFT_COMPILATION_MODE = wholemodule;
				SWIFT_OPTIMIZATION_LEVEL = "-O";
				VALIDATE_PRODUCT = YES;
			};
			name = Release;
		};
		008E167F235DF67B00087FC7 /* Debug */ = {
			isa = XCBuildConfiguration;
			buildSettings = {
				ASSETCATALOG_COMPILER_APPICON_NAME = AppIcon;
				CODE_SIGN_STYLE = Automatic;
				DEVELOPMENT_ASSET_PATHS = "\"QuotesApp01/Preview Content\"";
				DEVELOPMENT_TEAM = BY728NZFR2;
				ENABLE_PREVIEWS = YES;
				INFOPLIST_FILE = QuotesApp01/Info.plist;
				LD_RUNPATH_SEARCH_PATHS = (
					"$(inherited)",
					"@executable_path/Frameworks",
				);
				PRODUCT_BUNDLE_IDENTIFIER = com.rtodd.QuotesApp01;
				PRODUCT_NAME = "$(TARGET_NAME)";
				SWIFT_VERSION = 5.0;
				TARGETED_DEVICE_FAMILY = "1,2";
			};
			name = Debug;
		};
		008E1680235DF67B00087FC7 /* Release */ = {
			isa = XCBuildConfiguration;
			buildSettings = {
				ASSETCATALOG_COMPILER_APPICON_NAME = AppIcon;
				CODE_SIGN_STYLE = Automatic;
				DEVELOPMENT_ASSET_PATHS = "\"QuotesApp01/Preview Content\"";
				DEVELOPMENT_TEAM = BY728NZFR2;
				ENABLE_PREVIEWS = YES;
				INFOPLIST_FILE = QuotesApp01/Info.plist;
				LD_RUNPATH_SEARCH_PATHS = (
					"$(inherited)",
					"@executable_path/Frameworks",
				);
				PRODUCT_BUNDLE_IDENTIFIER = com.rtodd.QuotesApp01;
				PRODUCT_NAME = "$(TARGET_NAME)";
				SWIFT_VERSION = 5.0;
				TARGETED_DEVICE_FAMILY = "1,2";
			};
			name = Release;
		};
/* End XCBuildConfiguration section */

/* Begin XCConfigurationList section */
		008E1665235DF67600087FC7 /* Build configuration list for PBXProject "QuotesApp01" */ = {
			isa = XCConfigurationList;
			buildConfigurations = (
				008E167C235DF67B00087FC7 /* Debug */,
				008E167D235DF67B00087FC7 /* Release */,
			);
			defaultConfigurationIsVisible = 0;
			defaultConfigurationName = Release;
		};
		008E167E235DF67B00087FC7 /* Build configuration list for PBXNativeTarget "QuotesApp01" */ = {
			isa = XCConfigurationList;
			buildConfigurations = (
				008E167F235DF67B00087FC7 /* Debug */,
				008E1680235DF67B00087FC7 /* Release */,
			);
			defaultConfigurationIsVisible = 0;
			defaultConfigurationName = Release;
		};
/* End XCConfigurationList section */
	};
	rootObject = 008E1662235DF67600087FC7 /* Project object */;
}
